
Microsoft Visual Studio Solution File, Format Version 12.00
# Visual Studio Version 16
VisualStudioVersion = 16.0.36128.20
MinimumVisualStudioVersion = 10.0.40219.1
Project("{FAE04EC0-301F-11D3-BF4B-00C04F79EFBC}") = "Assignment 7", "Assignment 7\Assignment 7.csproj", "{2DC50437-48D6-4B50-A02E-DFBF56B9BAEE}"
EndProject
Global
	GlobalSection(SolutionConfigurationPlatforms) = preSolution
		Debug|Any CPU = Debug|Any CPU
		Release|Any CPU = Release|Any CPU
	EndGlobalSection
	GlobalSection(ProjectConfigurationPlatforms) = postSolution
		{2DC50437-48D6-4B50-A02E-DFBF56B9BAEE}.Debug|Any CPU.ActiveCfg = Debug|Any CPU
		{2DC50437-48D6-4B50-A02E-DFBF56B9BAEE}.Debug|Any CPU.Build.0 = Debug|Any CPU
		{2DC50437-48D6-4B50-A02E-DFBF56B9BAEE}.Release|Any CPU.ActiveCfg = Release|Any CPU
		{2DC50437-48D6-4B50-A02E-DFBF56B9BAEE}.Release|Any CPU.Build.0 = Release|Any CPU
	EndGlobalSection
	GlobalSection(SolutionProperties) = preSolution
		HideSolutionNode = FALSE
	EndGlobalSection
	GlobalSection(ExtensibilityGlobals) = postSolution
		SolutionGuid = {9BF50162-2E47-4843-8326-D9755FD0CD66}
	EndGlobalSection
EndGlobal
