
Microsoft Visual Studio Solution File, Format Version 12.00
# Visual Studio Version 16
VisualStudioVersion = 16.0.36128.20
MinimumVisualStudioVersion = 10.0.40219.1
Project("{FAE04EC0-301F-11D3-BF4B-00C04F79EFBC}") = "Assignment1", "Assignment1\Assignment1.csproj", "{DD9CC6E9-7091-45B6-B03D-D263CEF7439E}"
EndProject
Global
	GlobalSection(SolutionConfigurationPlatforms) = preSolution
		Debug|Any CPU = Debug|Any CPU
		Release|Any CPU = Release|Any CPU
	EndGlobalSection
	GlobalSection(ProjectConfigurationPlatforms) = postSolution
		{DD9CC6E9-7091-45B6-B03D-D263CEF7439E}.Debug|Any CPU.ActiveCfg = Debug|Any CPU
		{DD9CC6E9-7091-45B6-B03D-D263CEF7439E}.Debug|Any CPU.Build.0 = Debug|Any CPU
		{DD9CC6E9-7091-45B6-B03D-D263CEF7439E}.Release|Any CPU.ActiveCfg = Release|Any CPU
		{DD9CC6E9-7091-45B6-B03D-D263CEF7439E}.Release|Any CPU.Build.0 = Release|Any CPU
	EndGlobalSection
	GlobalSection(SolutionProperties) = preSolution
		HideSolutionNode = FALSE
	EndGlobalSection
	GlobalSection(ExtensibilityGlobals) = postSolution
		SolutionGuid = {7E641FD0-508A-4675-8E77-7D85A872040D}
	EndGlobalSection
EndGlobal
